
Microsoft Visual Studio Solution File, Format Version 11.00
# Visual Studio 2010
Project("{FAE04EC0-301F-11D3-BF4B-00C04F79EFBC}") = "Assembly-CSharp", "Assembly-CSharp.csproj", "{40cc8263-2e6c-3867-e35e-40699510708e}"
EndProject
Project("{FAE04EC0-301F-11D3-BF4B-00C04F79EFBC}") = "Assembly-CSharp-firstpass", "Assembly-CSharp-firstpass.csproj", "{48f34f93-fd8b-885c-bff5-8915fe79bd0e}"
EndProject
Project("{FAE04EC0-301F-11D3-BF4B-00C04F79EFBC}") = "Assembly-CSharp-Editor", "Assembly-CSharp-Editor.csproj", "{22fdbd66-f51d-246d-30a1-db0075580c33}"
EndProject
Global
	GlobalSection(SolutionConfigurationPlatforms) = preSolution
		Debug|Any CPU = Debug|Any CPU
	EndGlobalSection
	GlobalSection(ProjectConfigurationPlatforms) = postSolution
		{40cc8263-2e6c-3867-e35e-40699510708e}.Debug|Any CPU.ActiveCfg = Debug|Any CPU
		{40cc8263-2e6c-3867-e35e-40699510708e}.Debug|Any CPU.Build.0 = Debug|Any CPU
		{48f34f93-fd8b-885c-bff5-8915fe79bd0e}.Debug|Any CPU.ActiveCfg = Debug|Any CPU
		{48f34f93-fd8b-885c-bff5-8915fe79bd0e}.Debug|Any CPU.Build.0 = Debug|Any CPU
		{22fdbd66-f51d-246d-30a1-db0075580c33}.Debug|Any CPU.ActiveCfg = Debug|Any CPU
		{22fdbd66-f51d-246d-30a1-db0075580c33}.Debug|Any CPU.Build.0 = Debug|Any CPU
	EndGlobalSection
	GlobalSection(SolutionProperties) = preSolution
		HideSolutionNode = FALSE
	EndGlobalSection
EndGlobal
